// !$*UTF8*$!
{
	archiveVersion = 1;
	classes = {
	};
	objectVersion = 50;
	objects = {

/* Begin PBXBuildFile section */
		6B20977021FB5E9A0066CDD8 /* SinglePersonPageViewController.swift in Sources */ = {isa = PBXBuildFile; fileRef = 6B20976F21FB5E9A0066CDD8 /* SinglePersonPageViewController.swift */; };
		6B20977A21FB76B10066CDD8 /* CollectionViewController.swift in Sources */ = {isa = PBXBuildFile; fileRef = 6B20977921FB76B10066CDD8 /* CollectionViewController.swift */; };
		6B20977C21FB76F30066CDD8 /* ZoomableImageViewController.swift in Sources */ = {isa = PBXBuildFile; fileRef = 6B20977B21FB76F30066CDD8 /* ZoomableImageViewController.swift */; };
		6B20978021FBC20C0066CDD8 /* PeoplePageViewController.swift in Sources */ = {isa = PBXBuildFile; fileRef = 6B20977F21FBC20C0066CDD8 /* PeoplePageViewController.swift */; };
		6B2574B021F75EB30039FAC9 /* Utils.swift in Sources */ = {isa = PBXBuildFile; fileRef = 6B2574AF21F75EB30039FAC9 /* Utils.swift */; };
		6B28FBB8220B5CA000BAC099 /* SummaryPageViewController.swift in Sources */ = {isa = PBXBuildFile; fileRef = 6B28FBB7220B5C9F00BAC099 /* SummaryPageViewController.swift */; };
		6B28FBBE220BA2E600BAC099 /* ViewControllerConstraints.swift in Sources */ = {isa = PBXBuildFile; fileRef = 6B28FBBD220BA2E600BAC099 /* ViewControllerConstraints.swift */; };
		6B28FBC0220D475500BAC099 /* PeoplePageViewDelegate.swift in Sources */ = {isa = PBXBuildFile; fileRef = 6B28FBBF220D475500BAC099 /* PeoplePageViewDelegate.swift */; };
		6B2FF99222074D050095E4DA /* Web.swift in Sources */ = {isa = PBXBuildFile; fileRef = 6B2FF99122074D050095E4DA /* Web.swift */; };
		6B2FF99422074D2D0095E4DA /* Log.swift in Sources */ = {isa = PBXBuildFile; fileRef = 6B2FF99322074D2D0095E4DA /* Log.swift */; };
		6B31D2B721F38D55000CFA44 /* AppDelegate.swift in Sources */ = {isa = PBXBuildFile; fileRef = 6B31D2B621F38D55000CFA44 /* AppDelegate.swift */; };
		6B31D2B921F38D55000CFA44 /* ViewController.swift in Sources */ = {isa = PBXBuildFile; fileRef = 6B31D2B821F38D55000CFA44 /* ViewController.swift */; };
		6B31D2BE21F38D58000CFA44 /* Assets.xcassets in Resources */ = {isa = PBXBuildFile; fileRef = 6B31D2BD21F38D58000CFA44 /* Assets.xcassets */; };
		6B31D2C121F38D58000CFA44 /* LaunchScreen.storyboard in Resources */ = {isa = PBXBuildFile; fileRef = 6B31D2BF21F38D58000CFA44 /* LaunchScreen.storyboard */; };
		6B31D2CF21F3ED41000CFA44 /* Canvas.swift in Sources */ = {isa = PBXBuildFile; fileRef = 6B31D2CE21F3ED41000CFA44 /* Canvas.swift */; };
		6B354CD421F617DE00C6176C /* UIImageViewPointConversion.swift in Sources */ = {isa = PBXBuildFile; fileRef = 6B354CD321F617DE00C6176C /* UIImageViewPointConversion.swift */; };
		6B559338220F9D000074DDF4 /* TooltipViewController.swift in Sources */ = {isa = PBXBuildFile; fileRef = 6B559337220F9D000074DDF4 /* TooltipViewController.swift */; };
		6B61FC91235E4C3E0035F6F1 /* AnnotateImageResponse.swift in Sources */ = {isa = PBXBuildFile; fileRef = 6B61FC90235E4C3E0035F6F1 /* AnnotateImageResponse.swift */; };
		6B61FC93235E4CAF0035F6F1 /* EntityAnnotation.swift in Sources */ = {isa = PBXBuildFile; fileRef = 6B61FC92235E4CAF0035F6F1 /* EntityAnnotation.swift */; };
		6B61FC95235E4F530035F6F1 /* BoundingPoly.swift in Sources */ = {isa = PBXBuildFile; fileRef = 6B61FC94235E4F530035F6F1 /* BoundingPoly.swift */; };
		6B61FC97235E4FE30035F6F1 /* Property.swift in Sources */ = {isa = PBXBuildFile; fileRef = 6B61FC96235E4FE30035F6F1 /* Property.swift */; };
		6B61FC99235E507E0035F6F1 /* TextAnnotation.swift in Sources */ = {isa = PBXBuildFile; fileRef = 6B61FC98235E507E0035F6F1 /* TextAnnotation.swift */; };
		6B61FC9B235E50C30035F6F1 /* Page.swift in Sources */ = {isa = PBXBuildFile; fileRef = 6B61FC9A235E50C30035F6F1 /* Page.swift */; };
		6B61FC9D235E51390035F6F1 /* TextProperty.swift in Sources */ = {isa = PBXBuildFile; fileRef = 6B61FC9C235E51390035F6F1 /* TextProperty.swift */; };
		6B61FC9F235E51A90035F6F1 /* DetectedLanguage.swift in Sources */ = {isa = PBXBuildFile; fileRef = 6B61FC9E235E51A90035F6F1 /* DetectedLanguage.swift */; };
		6B61FCA1235E51EE0035F6F1 /* DetectedBreak.swift in Sources */ = {isa = PBXBuildFile; fileRef = 6B61FCA0235E51EE0035F6F1 /* DetectedBreak.swift */; };
		6B61FCA3235E52CB0035F6F1 /* Block.swift in Sources */ = {isa = PBXBuildFile; fileRef = 6B61FCA2235E52CB0035F6F1 /* Block.swift */; };
		6B61FCA5235E541D0035F6F1 /* Paragraph.swift in Sources */ = {isa = PBXBuildFile; fileRef = 6B61FCA4235E541D0035F6F1 /* Paragraph.swift */; };
		6B61FCA7235E548E0035F6F1 /* Word.swift in Sources */ = {isa = PBXBuildFile; fileRef = 6B61FCA6235E548E0035F6F1 /* Word.swift */; };
		6B61FCA9235E54E30035F6F1 /* Symbol.swift in Sources */ = {isa = PBXBuildFile; fileRef = 6B61FCA8235E54E30035F6F1 /* Symbol.swift */; };
		6B61FCAB235E55520035F6F1 /* Vertex.swift in Sources */ = {isa = PBXBuildFile; fileRef = 6B61FCAA235E55520035F6F1 /* Vertex.swift */; };
		6B6BAC0B2210D94500245973 /* Colors.swift in Sources */ = {isa = PBXBuildFile; fileRef = 6B6BAC0A2210D94500245973 /* Colors.swift */; };
		6B6BAC0D2210D97300245973 /* UIView+Extension.swift in Sources */ = {isa = PBXBuildFile; fileRef = 6B6BAC0C2210D97300245973 /* UIView+Extension.swift */; };
		6B6BAC102211328900245973 /* WebViewController.swift in Sources */ = {isa = PBXBuildFile; fileRef = 6B6BAC0F2211328900245973 /* WebViewController.swift */; };
		6B85AFDD23637A880001FF19 /* SettingDetailVC.swift in Sources */ = {isa = PBXBuildFile; fileRef = 6B85AFDC23637A880001FF19 /* SettingDetailVC.swift */; };
		6BB235EF21FF5C3100BC35E9 /* PeopleCollectionViewDelegate.swift in Sources */ = {isa = PBXBuildFile; fileRef = 6BB235EE21FF5C3100BC35E9 /* PeopleCollectionViewDelegate.swift */; };
		6BB235F121FF5C9000BC35E9 /* ZoomableImageViewDelegate.swift in Sources */ = {isa = PBXBuildFile; fileRef = 6BB235F021FF5C9000BC35E9 /* ZoomableImageViewDelegate.swift */; };
		6BC7A012235FB925006678E1 /* MatchedString.swift in Sources */ = {isa = PBXBuildFile; fileRef = 6BC7A011235FB925006678E1 /* MatchedString.swift */; };
		6BC7A014236084EB006678E1 /* MatchedSymbol.swift in Sources */ = {isa = PBXBuildFile; fileRef = 6BC7A013236084EB006678E1 /* MatchedSymbol.swift */; };
		6BD4741A21FA468400163D0C /* ZoomableImageView.swift in Sources */ = {isa = PBXBuildFile; fileRef = 6BD4741921FA468400163D0C /* ZoomableImageView.swift */; };
		6BD7CA532362702E00418131 /* SettingCell.swift in Sources */ = {isa = PBXBuildFile; fileRef = 6BD7CA4F2362702D00418131 /* SettingCell.swift */; };
		6BD7CA542362702E00418131 /* Extensions.swift in Sources */ = {isa = PBXBuildFile; fileRef = 6BD7CA502362702D00418131 /* Extensions.swift */; };
		6BD7CA552362702E00418131 /* SettingsLauncher.swift in Sources */ = {isa = PBXBuildFile; fileRef = 6BD7CA512362702E00418131 /* SettingsLauncher.swift */; };
		6BD7CA562362702E00418131 /* MenuBar.swift in Sources */ = {isa = PBXBuildFile; fileRef = 6BD7CA522362702E00418131 /* MenuBar.swift */; };
		6BD7CA582362705F00418131 /* VideoCell.swift in Sources */ = {isa = PBXBuildFile; fileRef = 6BD7CA572362705F00418131 /* VideoCell.swift */; };
		6BD7CA5A2363139900418131 /* RoundButton.swift in Sources */ = {isa = PBXBuildFile; fileRef = 6BD7CA592363139900418131 /* RoundButton.swift */; };
		6BD7CA682363241700418131 /* Localizable.strings in Resources */ = {isa = PBXBuildFile; fileRef = 6BD7CA6A2363241700418131 /* Localizable.strings */; };
		6BD7CA6D236339AC00418131 /* Cache.swift in Sources */ = {isa = PBXBuildFile; fileRef = 6BD7CA6C236339AC00418131 /* Cache.swift */; };
		6BD7CA6F236378B100418131 /* String+Extension.swift in Sources */ = {isa = PBXBuildFile; fileRef = 6BD7CA6E236378B100418131 /* String+Extension.swift */; };
		6BFE4D9121F9A18200B7A50D /* PersonCollectionViewCell.swift in Sources */ = {isa = PBXBuildFile; fileRef = 6BFE4D9021F9A18200B7A50D /* PersonCollectionViewCell.swift */; };
		9EE308AE4CBDF7E20C69326E /* Pods_TextSearch.framework in Frameworks */ = {isa = PBXBuildFile; fileRef = 7CF87F04B5E97548372E5515 /* Pods_TextSearch.framework */; };
/* End PBXBuildFile section */

/* Begin PBXFileReference section */
		6507CDD34E474BB43F458AB3 /* Pods-TextSearch.release.xcconfig */ = {isa = PBXFileReference; includeInIndex = 1; lastKnownFileType = text.xcconfig; name = "Pods-TextSearch.release.xcconfig"; path = "Pods/Target Support Files/Pods-TextSearch/Pods-TextSearch.release.xcconfig"; sourceTree = "<group>"; };
		6B1B0E475A139E229783DBDB /* Pods-CelebScope.debug.xcconfig */ = {isa = PBXFileReference; includeInIndex = 1; lastKnownFileType = text.xcconfig; name = "Pods-CelebScope.debug.xcconfig"; path = "Pods/Target Support Files/Pods-CelebScope/Pods-CelebScope.debug.xcconfig"; sourceTree = "<group>"; };
		6B20976F21FB5E9A0066CDD8 /* SinglePersonPageViewController.swift */ = {isa = PBXFileReference; lastKnownFileType = sourcecode.swift; path = SinglePersonPageViewController.swift; sourceTree = "<group>"; };
		6B20977921FB76B10066CDD8 /* CollectionViewController.swift */ = {isa = PBXFileReference; lastKnownFileType = sourcecode.swift; path = CollectionViewController.swift; sourceTree = "<group>"; };
		6B20977B21FB76F30066CDD8 /* ZoomableImageViewController.swift */ = {isa = PBXFileReference; lastKnownFileType = sourcecode.swift; path = ZoomableImageViewController.swift; sourceTree = "<group>"; };
		6B20977F21FBC20C0066CDD8 /* PeoplePageViewController.swift */ = {isa = PBXFileReference; lastKnownFileType = sourcecode.swift; path = PeoplePageViewController.swift; sourceTree = "<group>"; };
		6B2574AF21F75EB30039FAC9 /* Utils.swift */ = {isa = PBXFileReference; lastKnownFileType = sourcecode.swift; path = Utils.swift; sourceTree = "<group>"; };
		6B28FBB7220B5C9F00BAC099 /* SummaryPageViewController.swift */ = {isa = PBXFileReference; lastKnownFileType = sourcecode.swift; path = SummaryPageViewController.swift; sourceTree = "<group>"; };
		6B28FBBD220BA2E600BAC099 /* ViewControllerConstraints.swift */ = {isa = PBXFileReference; lastKnownFileType = sourcecode.swift; path = ViewControllerConstraints.swift; sourceTree = "<group>"; };
		6B28FBBF220D475500BAC099 /* PeoplePageViewDelegate.swift */ = {isa = PBXFileReference; lastKnownFileType = sourcecode.swift; path = PeoplePageViewDelegate.swift; sourceTree = "<group>"; };
		6B2FF99122074D050095E4DA /* Web.swift */ = {isa = PBXFileReference; lastKnownFileType = sourcecode.swift; path = Web.swift; sourceTree = "<group>"; };
		6B2FF99322074D2D0095E4DA /* Log.swift */ = {isa = PBXFileReference; lastKnownFileType = sourcecode.swift; path = Log.swift; sourceTree = "<group>"; };
		6B31D2B321F38D55000CFA44 /* HawkEye - Image Text Search.app */ = {isa = PBXFileReference; explicitFileType = wrapper.application; includeInIndex = 0; path = "HawkEye - Image Text Search.app"; sourceTree = BUILT_PRODUCTS_DIR; };
		6B31D2B621F38D55000CFA44 /* AppDelegate.swift */ = {isa = PBXFileReference; lastKnownFileType = sourcecode.swift; path = AppDelegate.swift; sourceTree = "<group>"; };
		6B31D2B821F38D55000CFA44 /* ViewController.swift */ = {isa = PBXFileReference; lastKnownFileType = sourcecode.swift; path = ViewController.swift; sourceTree = "<group>"; };
		6B31D2BD21F38D58000CFA44 /* Assets.xcassets */ = {isa = PBXFileReference; lastKnownFileType = folder.assetcatalog; path = Assets.xcassets; sourceTree = "<group>"; };
		6B31D2C021F38D58000CFA44 /* Base */ = {isa = PBXFileReference; lastKnownFileType = file.storyboard; name = Base; path = Base.lproj/LaunchScreen.storyboard; sourceTree = "<group>"; };
		6B31D2C221F38D58000CFA44 /* Info.plist */ = {isa = PBXFileReference; lastKnownFileType = text.plist.xml; path = Info.plist; sourceTree = "<group>"; };
		6B31D2CE21F3ED41000CFA44 /* Canvas.swift */ = {isa = PBXFileReference; lastKnownFileType = sourcecode.swift; path = Canvas.swift; sourceTree = "<group>"; };
		6B354CD321F617DE00C6176C /* UIImageViewPointConversion.swift */ = {isa = PBXFileReference; lastKnownFileType = sourcecode.swift; path = UIImageViewPointConversion.swift; sourceTree = "<group>"; };
		6B559337220F9D000074DDF4 /* TooltipViewController.swift */ = {isa = PBXFileReference; lastKnownFileType = sourcecode.swift; path = TooltipViewController.swift; sourceTree = "<group>"; };
		6B61FC90235E4C3E0035F6F1 /* AnnotateImageResponse.swift */ = {isa = PBXFileReference; lastKnownFileType = sourcecode.swift; path = AnnotateImageResponse.swift; sourceTree = "<group>"; };
		6B61FC92235E4CAF0035F6F1 /* EntityAnnotation.swift */ = {isa = PBXFileReference; lastKnownFileType = sourcecode.swift; path = EntityAnnotation.swift; sourceTree = "<group>"; };
		6B61FC94235E4F530035F6F1 /* BoundingPoly.swift */ = {isa = PBXFileReference; lastKnownFileType = sourcecode.swift; path = BoundingPoly.swift; sourceTree = "<group>"; };
		6B61FC96235E4FE30035F6F1 /* Property.swift */ = {isa = PBXFileReference; lastKnownFileType = sourcecode.swift; path = Property.swift; sourceTree = "<group>"; };
		6B61FC98235E507E0035F6F1 /* TextAnnotation.swift */ = {isa = PBXFileReference; lastKnownFileType = sourcecode.swift; path = TextAnnotation.swift; sourceTree = "<group>"; };
		6B61FC9A235E50C30035F6F1 /* Page.swift */ = {isa = PBXFileReference; lastKnownFileType = sourcecode.swift; path = Page.swift; sourceTree = "<group>"; };
		6B61FC9C235E51390035F6F1 /* TextProperty.swift */ = {isa = PBXFileReference; lastKnownFileType = sourcecode.swift; path = TextProperty.swift; sourceTree = "<group>"; };
		6B61FC9E235E51A90035F6F1 /* DetectedLanguage.swift */ = {isa = PBXFileReference; lastKnownFileType = sourcecode.swift; path = DetectedLanguage.swift; sourceTree = "<group>"; };
		6B61FCA0235E51EE0035F6F1 /* DetectedBreak.swift */ = {isa = PBXFileReference; lastKnownFileType = sourcecode.swift; path = DetectedBreak.swift; sourceTree = "<group>"; };
		6B61FCA2235E52CB0035F6F1 /* Block.swift */ = {isa = PBXFileReference; lastKnownFileType = sourcecode.swift; path = Block.swift; sourceTree = "<group>"; };
		6B61FCA4235E541D0035F6F1 /* Paragraph.swift */ = {isa = PBXFileReference; lastKnownFileType = sourcecode.swift; path = Paragraph.swift; sourceTree = "<group>"; };
		6B61FCA6235E548E0035F6F1 /* Word.swift */ = {isa = PBXFileReference; lastKnownFileType = sourcecode.swift; path = Word.swift; sourceTree = "<group>"; };
		6B61FCA8235E54E30035F6F1 /* Symbol.swift */ = {isa = PBXFileReference; lastKnownFileType = sourcecode.swift; path = Symbol.swift; sourceTree = "<group>"; };
		6B61FCAA235E55520035F6F1 /* Vertex.swift */ = {isa = PBXFileReference; lastKnownFileType = sourcecode.swift; path = Vertex.swift; sourceTree = "<group>"; };
		6B6BAC0A2210D94500245973 /* Colors.swift */ = {isa = PBXFileReference; lastKnownFileType = sourcecode.swift; path = Colors.swift; sourceTree = "<group>"; };
		6B6BAC0C2210D97300245973 /* UIView+Extension.swift */ = {isa = PBXFileReference; fileEncoding = 4; lastKnownFileType = sourcecode.swift; path = "UIView+Extension.swift"; sourceTree = "<group>"; };
		6B6BAC0F2211328900245973 /* WebViewController.swift */ = {isa = PBXFileReference; lastKnownFileType = sourcecode.swift; path = WebViewController.swift; sourceTree = "<group>"; };
		6B85AFDC23637A880001FF19 /* SettingDetailVC.swift */ = {isa = PBXFileReference; lastKnownFileType = sourcecode.swift; path = SettingDetailVC.swift; sourceTree = "<group>"; };
		6BB235EE21FF5C3100BC35E9 /* PeopleCollectionViewDelegate.swift */ = {isa = PBXFileReference; lastKnownFileType = sourcecode.swift; path = PeopleCollectionViewDelegate.swift; sourceTree = "<group>"; };
		6BB235F021FF5C9000BC35E9 /* ZoomableImageViewDelegate.swift */ = {isa = PBXFileReference; lastKnownFileType = sourcecode.swift; path = ZoomableImageViewDelegate.swift; sourceTree = "<group>"; };
		6BC7A011235FB925006678E1 /* MatchedString.swift */ = {isa = PBXFileReference; lastKnownFileType = sourcecode.swift; path = MatchedString.swift; sourceTree = "<group>"; };
		6BC7A013236084EB006678E1 /* MatchedSymbol.swift */ = {isa = PBXFileReference; lastKnownFileType = sourcecode.swift; path = MatchedSymbol.swift; sourceTree = "<group>"; };
		6BD4741921FA468400163D0C /* ZoomableImageView.swift */ = {isa = PBXFileReference; lastKnownFileType = sourcecode.swift; path = ZoomableImageView.swift; sourceTree = "<group>"; };
		6BD7CA4F2362702D00418131 /* SettingCell.swift */ = {isa = PBXFileReference; fileEncoding = 4; lastKnownFileType = sourcecode.swift; path = SettingCell.swift; sourceTree = "<group>"; };
		6BD7CA502362702D00418131 /* Extensions.swift */ = {isa = PBXFileReference; fileEncoding = 4; lastKnownFileType = sourcecode.swift; path = Extensions.swift; sourceTree = "<group>"; };
		6BD7CA512362702E00418131 /* SettingsLauncher.swift */ = {isa = PBXFileReference; fileEncoding = 4; lastKnownFileType = sourcecode.swift; path = SettingsLauncher.swift; sourceTree = "<group>"; };
		6BD7CA522362702E00418131 /* MenuBar.swift */ = {isa = PBXFileReference; fileEncoding = 4; lastKnownFileType = sourcecode.swift; path = MenuBar.swift; sourceTree = "<group>"; };
		6BD7CA572362705F00418131 /* VideoCell.swift */ = {isa = PBXFileReference; fileEncoding = 4; lastKnownFileType = sourcecode.swift; path = VideoCell.swift; sourceTree = "<group>"; };
		6BD7CA592363139900418131 /* RoundButton.swift */ = {isa = PBXFileReference; lastKnownFileType = sourcecode.swift; path = RoundButton.swift; sourceTree = "<group>"; };
		6BD7CA692363241700418131 /* en */ = {isa = PBXFileReference; lastKnownFileType = text.plist.strings; name = en; path = en.lproj/Localizable.strings; sourceTree = "<group>"; };
		6BD7CA6B2363241D00418131 /* zh-Hans */ = {isa = PBXFileReference; lastKnownFileType = text.plist.strings; name = "zh-Hans"; path = "zh-Hans.lproj/Localizable.strings"; sourceTree = "<group>"; };
		6BD7CA6C236339AC00418131 /* Cache.swift */ = {isa = PBXFileReference; lastKnownFileType = sourcecode.swift; path = Cache.swift; sourceTree = "<group>"; };
		6BD7CA6E236378B100418131 /* String+Extension.swift */ = {isa = PBXFileReference; lastKnownFileType = sourcecode.swift; path = "String+Extension.swift"; sourceTree = "<group>"; };
		6BFE4D9021F9A18200B7A50D /* PersonCollectionViewCell.swift */ = {isa = PBXFileReference; lastKnownFileType = sourcecode.swift; path = PersonCollectionViewCell.swift; sourceTree = "<group>"; };
		7CF87F04B5E97548372E5515 /* Pods_TextSearch.framework */ = {isa = PBXFileReference; explicitFileType = wrapper.framework; includeInIndex = 0; path = Pods_TextSearch.framework; sourceTree = BUILT_PRODUCTS_DIR; };
		C33F32DA77DD2A0C43AF7ECA /* Pods-TextSearch.debug.xcconfig */ = {isa = PBXFileReference; includeInIndex = 1; lastKnownFileType = text.xcconfig; name = "Pods-TextSearch.debug.xcconfig"; path = "Pods/Target Support Files/Pods-TextSearch/Pods-TextSearch.debug.xcconfig"; sourceTree = "<group>"; };
		E998B2AEA450FAAEF3CB026C /* Pods-CelebScope.release.xcconfig */ = {isa = PBXFileReference; includeInIndex = 1; lastKnownFileType = text.xcconfig; name = "Pods-CelebScope.release.xcconfig"; path = "Pods/Target Support Files/Pods-CelebScope/Pods-CelebScope.release.xcconfig"; sourceTree = "<group>"; };
/* End PBXFileReference section */

/* Begin PBXFrameworksBuildPhase section */
		6B31D2B021F38D55000CFA44 /* Frameworks */ = {
			isa = PBXFrameworksBuildPhase;
			buildActionMask = 2147483647;
			files = (
				9EE308AE4CBDF7E20C69326E /* Pods_TextSearch.framework in Frameworks */,
			);
			runOnlyForDeploymentPostprocessing = 0;
		};
/* End PBXFrameworksBuildPhase section */

/* Begin PBXGroup section */
		0BDA207D80BA0CF913CA6DD1 /* Pods */ = {
			isa = PBXGroup;
			children = (
				6B1B0E475A139E229783DBDB /* Pods-CelebScope.debug.xcconfig */,
				E998B2AEA450FAAEF3CB026C /* Pods-CelebScope.release.xcconfig */,
				C33F32DA77DD2A0C43AF7ECA /* Pods-TextSearch.debug.xcconfig */,
				6507CDD34E474BB43F458AB3 /* Pods-TextSearch.release.xcconfig */,
			);
			name = Pods;
			sourceTree = "<group>";
		};
		38412B87F39AA4F34ACA931F /* Frameworks */ = {
			isa = PBXGroup;
			children = (
				7CF87F04B5E97548372E5515 /* Pods_TextSearch.framework */,
			);
			name = Frameworks;
			sourceTree = "<group>";
		};
		6B2AF15721FC2949005F39EE /* People */ = {
			isa = PBXGroup;
			children = (
				6B2AF15D21FC9E5D005F39EE /* Model */,
				6B2AF15921FC2ABB005F39EE /* CollectionView */,
				6B2AF15821FC2A88005F39EE /* PagedView */,
			);
			path = People;
			sourceTree = "<group>";
		};
		6B2AF15821FC2A88005F39EE /* PagedView */ = {
			isa = PBXGroup;
			children = (
				6B20977F21FBC20C0066CDD8 /* PeoplePageViewController.swift */,
				6B20976F21FB5E9A0066CDD8 /* SinglePersonPageViewController.swift */,
				6B28FBB7220B5C9F00BAC099 /* SummaryPageViewController.swift */,
				6B28FBBF220D475500BAC099 /* PeoplePageViewDelegate.swift */,
			);
			path = PagedView;
			sourceTree = "<group>";
		};
		6B2AF15921FC2ABB005F39EE /* CollectionView */ = {
			isa = PBXGroup;
			children = (
				6B20977921FB76B10066CDD8 /* CollectionViewController.swift */,
				6BFE4D9021F9A18200B7A50D /* PersonCollectionViewCell.swift */,
				6BB235EE21FF5C3100BC35E9 /* PeopleCollectionViewDelegate.swift */,
			);
			path = CollectionView;
			sourceTree = "<group>";
		};
		6B2AF15A21FC2ACE005F39EE /* Image */ = {
			isa = PBXGroup;
			children = (
				6B20977B21FB76F30066CDD8 /* ZoomableImageViewController.swift */,
				6BD4741921FA468400163D0C /* ZoomableImageView.swift */,
				6BB235F021FF5C9000BC35E9 /* ZoomableImageViewDelegate.swift */,
			);
			path = Image;
			sourceTree = "<group>";
		};
		6B2AF15B21FC2AFC005F39EE /* Utils */ = {
			isa = PBXGroup;
			children = (
				6B6BAC0C2210D97300245973 /* UIView+Extension.swift */,
				6B354CD321F617DE00C6176C /* UIImageViewPointConversion.swift */,
				6B2574AF21F75EB30039FAC9 /* Utils.swift */,
				6B2FF99122074D050095E4DA /* Web.swift */,
				6B2FF99322074D2D0095E4DA /* Log.swift */,
				6B6BAC0A2210D94500245973 /* Colors.swift */,
				6BD7CA6E236378B100418131 /* String+Extension.swift */,
			);
			path = Utils;
			sourceTree = "<group>";
		};
		6B2AF15C21FC2B09005F39EE /* Canvas */ = {
			isa = PBXGroup;
			children = (
				6B31D2CE21F3ED41000CFA44 /* Canvas.swift */,
			);
			path = Canvas;
			sourceTree = "<group>";
		};
		6B2AF15D21FC9E5D005F39EE /* Model */ = {
			isa = PBXGroup;
			children = (
				6B61FC90235E4C3E0035F6F1 /* AnnotateImageResponse.swift */,
				6B61FC92235E4CAF0035F6F1 /* EntityAnnotation.swift */,
				6B61FC94235E4F530035F6F1 /* BoundingPoly.swift */,
				6B61FC96235E4FE30035F6F1 /* Property.swift */,
				6B61FC98235E507E0035F6F1 /* TextAnnotation.swift */,
				6B61FC9A235E50C30035F6F1 /* Page.swift */,
				6B61FC9C235E51390035F6F1 /* TextProperty.swift */,
				6B61FC9E235E51A90035F6F1 /* DetectedLanguage.swift */,
				6B61FCA0235E51EE0035F6F1 /* DetectedBreak.swift */,
				6B61FCA2235E52CB0035F6F1 /* Block.swift */,
				6B61FCA4235E541D0035F6F1 /* Paragraph.swift */,
				6B61FCA6235E548E0035F6F1 /* Word.swift */,
				6B61FCA8235E54E30035F6F1 /* Symbol.swift */,
				6B61FCAA235E55520035F6F1 /* Vertex.swift */,
				6BC7A011235FB925006678E1 /* MatchedString.swift */,
				6BC7A013236084EB006678E1 /* MatchedSymbol.swift */,
			);
			path = Model;
			sourceTree = "<group>";
		};
		6B31D2AA21F38D55000CFA44 = {
			isa = PBXGroup;
			children = (
				6B31D2B521F38D55000CFA44 /* TextSearch */,
				6B31D2B421F38D55000CFA44 /* Products */,
				0BDA207D80BA0CF913CA6DD1 /* Pods */,
				38412B87F39AA4F34ACA931F /* Frameworks */,
			);
			sourceTree = "<group>";
		};
		6B31D2B421F38D55000CFA44 /* Products */ = {
			isa = PBXGroup;
			children = (
				6B31D2B321F38D55000CFA44 /* HawkEye - Image Text Search.app */,
			);
			name = Products;
			sourceTree = "<group>";
		};
		6B31D2B521F38D55000CFA44 /* TextSearch */ = {
			isa = PBXGroup;
			children = (
				6B28FBBD220BA2E600BAC099 /* ViewControllerConstraints.swift */,
				6BD7CA502362702D00418131 /* Extensions.swift */,
				6BD7CA522362702E00418131 /* MenuBar.swift */,
				6BD7CA572362705F00418131 /* VideoCell.swift */,
				6BD7CA4F2362702D00418131 /* SettingCell.swift */,
				6BD7CA512362702E00418131 /* SettingsLauncher.swift */,
				6B31D2B621F38D55000CFA44 /* AppDelegate.swift */,
				6B31D2B821F38D55000CFA44 /* ViewController.swift */,
				6B31D2BD21F38D58000CFA44 /* Assets.xcassets */,
				6B31D2BF21F38D58000CFA44 /* LaunchScreen.storyboard */,
				6B31D2C221F38D58000CFA44 /* Info.plist */,
				6B6BAC0E2211326100245973 /* Web */,
				6B559336220F9CE30074DDF4 /* Tooltip */,
				6B2AF15C21FC2B09005F39EE /* Canvas */,
				6B2AF15B21FC2AFC005F39EE /* Utils */,
				6B2AF15721FC2949005F39EE /* People */,
				6B2AF15A21FC2ACE005F39EE /* Image */,
				6BD0CE54220169560052B2C0 /* Button */,
				6BD7CA6A2363241700418131 /* Localizable.strings */,
				6BD7CA6C236339AC00418131 /* Cache.swift */,
				6B85AFDC23637A880001FF19 /* SettingDetailVC.swift */,
			);
			path = TextSearch;
			sourceTree = "<group>";
		};
		6B559336220F9CE30074DDF4 /* Tooltip */ = {
			isa = PBXGroup;
			children = (
				6B559337220F9D000074DDF4 /* TooltipViewController.swift */,
			);
			path = Tooltip;
			sourceTree = "<group>";
		};
		6B6BAC0E2211326100245973 /* Web */ = {
			isa = PBXGroup;
			children = (
				6B6BAC0F2211328900245973 /* WebViewController.swift */,
			);
			path = Web;
			sourceTree = "<group>";
		};
		6BD0CE54220169560052B2C0 /* Button */ = {
			isa = PBXGroup;
			children = (
				6BD7CA592363139900418131 /* RoundButton.swift */,
			);
			name = Button;
			path = "New Group";
			sourceTree = "<group>";
		};
/* End PBXGroup section */

/* Begin PBXNativeTarget section */
		6B31D2B221F38D55000CFA44 /* TextSearch */ = {
			isa = PBXNativeTarget;
			buildConfigurationList = 6B31D2C521F38D58000CFA44 /* Build configuration list for PBXNativeTarget "TextSearch" */;
			buildPhases = (
				24F9A9EB88289B02EBA0BFC0 /* [CP] Check Pods Manifest.lock */,
				6B31D2AF21F38D55000CFA44 /* Sources */,
				6B31D2B021F38D55000CFA44 /* Frameworks */,
				6B31D2B121F38D55000CFA44 /* Resources */,
				AEE0FFBEF0B310C989E581D6 /* [CP] Embed Pods Frameworks */,
				550B2EF875823CD078225215 /* [CP] Copy Pods Resources */,
			);
			buildRules = (
			);
			dependencies = (
			);
			name = TextSearch;
			productName = CelebScope;
			productReference = 6B31D2B321F38D55000CFA44 /* HawkEye - Image Text Search.app */;
			productType = "com.apple.product-type.application";
		};
/* End PBXNativeTarget section */

/* Begin PBXProject section */
		6B31D2AB21F38D55000CFA44 /* Project object */ = {
			isa = PBXProject;
			attributes = {
				LastSwiftUpdateCheck = 1010;
				LastUpgradeCheck = 1010;
				ORGANIZATIONNAME = "Gaopeng Wang";
				TargetAttributes = {
					6B31D2B221F38D55000CFA44 = {
						CreatedOnToolsVersion = 10.1;
					};
				};
			};
			buildConfigurationList = 6B31D2AE21F38D55000CFA44 /* Build configuration list for PBXProject "TextSearch" */;
			compatibilityVersion = "Xcode 9.3";
			developmentRegion = en;
			hasScannedForEncodings = 0;
			knownRegions = (
				en,
				Base,
				"zh-Hans",
			);
			mainGroup = 6B31D2AA21F38D55000CFA44;
			productRefGroup = 6B31D2B421F38D55000CFA44 /* Products */;
			projectDirPath = "";
			projectRoot = "";
			targets = (
				6B31D2B221F38D55000CFA44 /* TextSearch */,
			);
		};
/* End PBXProject section */

/* Begin PBXResourcesBuildPhase section */
		6B31D2B121F38D55000CFA44 /* Resources */ = {
			isa = PBXResourcesBuildPhase;
			buildActionMask = 2147483647;
			files = (
				6BD7CA682363241700418131 /* Localizable.strings in Resources */,
				6B31D2C121F38D58000CFA44 /* LaunchScreen.storyboard in Resources */,
				6B31D2BE21F38D58000CFA44 /* Assets.xcassets in Resources */,
			);
			runOnlyForDeploymentPostprocessing = 0;
		};
/* End PBXResourcesBuildPhase section */

/* Begin PBXShellScriptBuildPhase section */
		24F9A9EB88289B02EBA0BFC0 /* [CP] Check Pods Manifest.lock */ = {
			isa = PBXShellScriptBuildPhase;
			buildActionMask = 2147483647;
			files = (
			);
			inputFileListPaths = (
			);
			inputPaths = (
				"${PODS_PODFILE_DIR_PATH}/Podfile.lock",
				"${PODS_ROOT}/Manifest.lock",
			);
			name = "[CP] Check Pods Manifest.lock";
			outputFileListPaths = (
			);
			outputPaths = (
				"$(DERIVED_FILE_DIR)/Pods-TextSearch-checkManifestLockResult.txt",
			);
			runOnlyForDeploymentPostprocessing = 0;
			shellPath = /bin/sh;
			shellScript = "diff \"${PODS_PODFILE_DIR_PATH}/Podfile.lock\" \"${PODS_ROOT}/Manifest.lock\" > /dev/null\nif [ $? != 0 ] ; then\n    # print error to STDERR\n    echo \"error: The sandbox is not in sync with the Podfile.lock. Run 'pod install' or update your CocoaPods installation.\" >&2\n    exit 1\nfi\n# This output is used by Xcode 'outputs' to avoid re-running this script phase.\necho \"SUCCESS\" > \"${SCRIPT_OUTPUT_FILE_0}\"\n";
			showEnvVarsInLog = 0;
		};
		550B2EF875823CD078225215 /* [CP] Copy Pods Resources */ = {
			isa = PBXShellScriptBuildPhase;
			buildActionMask = 2147483647;
			files = (
			);
			inputFileListPaths = (
			);
			inputPaths = (
				"${SRCROOT}/Pods/Target Support Files/Pods-TextSearch/Pods-TextSearch-resources.sh",
				"${PODS_ROOT}/GoogleSignIn/Resources/GoogleSignIn.bundle",
			);
			name = "[CP] Copy Pods Resources";
			outputFileListPaths = (
			);
			outputPaths = (
				"${TARGET_BUILD_DIR}/${UNLOCALIZED_RESOURCES_FOLDER_PATH}/GoogleSignIn.bundle",
			);
			runOnlyForDeploymentPostprocessing = 0;
			shellPath = /bin/sh;
			shellScript = "\"${SRCROOT}/Pods/Target Support Files/Pods-TextSearch/Pods-TextSearch-resources.sh\"\n";
			showEnvVarsInLog = 0;
		};
		AEE0FFBEF0B310C989E581D6 /* [CP] Embed Pods Frameworks */ = {
			isa = PBXShellScriptBuildPhase;
			buildActionMask = 2147483647;
			files = (
			);
			inputFileListPaths = (
			);
			inputPaths = (
				"${SRCROOT}/Pods/Target Support Files/Pods-TextSearch/Pods-TextSearch-frameworks.sh",
				"${BUILT_PRODUCTS_DIR}/AppAuth/AppAuth.framework",
				"${BUILT_PRODUCTS_DIR}/GTMAppAuth/GTMAppAuth.framework",
				"${BUILT_PRODUCTS_DIR}/GTMSessionFetcher/GTMSessionFetcher.framework",
			);
			name = "[CP] Embed Pods Frameworks";
			outputFileListPaths = (
			);
			outputPaths = (
				"${TARGET_BUILD_DIR}/${FRAMEWORKS_FOLDER_PATH}/AppAuth.framework",
				"${TARGET_BUILD_DIR}/${FRAMEWORKS_FOLDER_PATH}/GTMAppAuth.framework",
				"${TARGET_BUILD_DIR}/${FRAMEWORKS_FOLDER_PATH}/GTMSessionFetcher.framework",
			);
			runOnlyForDeploymentPostprocessing = 0;
			shellPath = /bin/sh;
			shellScript = "\"${SRCROOT}/Pods/Target Support Files/Pods-TextSearch/Pods-TextSearch-frameworks.sh\"\n";
			showEnvVarsInLog = 0;
		};
/* End PBXShellScriptBuildPhase section */

/* Begin PBXSourcesBuildPhase section */
		6B31D2AF21F38D55000CFA44 /* Sources */ = {
			isa = PBXSourcesBuildPhase;
			buildActionMask = 2147483647;
			files = (
				6B2FF99222074D050095E4DA /* Web.swift in Sources */,
				6B61FC93235E4CAF0035F6F1 /* EntityAnnotation.swift in Sources */,
				6BD7CA562362702E00418131 /* MenuBar.swift in Sources */,
				6B20978021FBC20C0066CDD8 /* PeoplePageViewController.swift in Sources */,
				6B20977C21FB76F30066CDD8 /* ZoomableImageViewController.swift in Sources */,
				6B28FBB8220B5CA000BAC099 /* SummaryPageViewController.swift in Sources */,
				6B61FCAB235E55520035F6F1 /* Vertex.swift in Sources */,
				6BD7CA552362702E00418131 /* SettingsLauncher.swift in Sources */,
				6B20977021FB5E9A0066CDD8 /* SinglePersonPageViewController.swift in Sources */,
				6BD7CA532362702E00418131 /* SettingCell.swift in Sources */,
				6B559338220F9D000074DDF4 /* TooltipViewController.swift in Sources */,
				6BB235F121FF5C9000BC35E9 /* ZoomableImageViewDelegate.swift in Sources */,
				6BD7CA6F236378B100418131 /* String+Extension.swift in Sources */,
				6B61FC91235E4C3E0035F6F1 /* AnnotateImageResponse.swift in Sources */,
				6BC7A012235FB925006678E1 /* MatchedString.swift in Sources */,
				6BC7A014236084EB006678E1 /* MatchedSymbol.swift in Sources */,
				6B31D2B921F38D55000CFA44 /* ViewController.swift in Sources */,
				6BFE4D9121F9A18200B7A50D /* PersonCollectionViewCell.swift in Sources */,
				6B61FC97235E4FE30035F6F1 /* Property.swift in Sources */,
				6B6BAC0D2210D97300245973 /* UIView+Extension.swift in Sources */,
				6BD7CA5A2363139900418131 /* RoundButton.swift in Sources */,
				6B61FCA1235E51EE0035F6F1 /* DetectedBreak.swift in Sources */,
				6B61FCA7235E548E0035F6F1 /* Word.swift in Sources */,
				6B354CD421F617DE00C6176C /* UIImageViewPointConversion.swift in Sources */,
				6BD7CA542362702E00418131 /* Extensions.swift in Sources */,
				6B61FCA9235E54E30035F6F1 /* Symbol.swift in Sources */,
				6B61FCA5235E541D0035F6F1 /* Paragraph.swift in Sources */,
				6BD7CA6D236339AC00418131 /* Cache.swift in Sources */,
				6B31D2B721F38D55000CFA44 /* AppDelegate.swift in Sources */,
				6B61FC99235E507E0035F6F1 /* TextAnnotation.swift in Sources */,
				6B28FBBE220BA2E600BAC099 /* ViewControllerConstraints.swift in Sources */,
				6B61FCA3235E52CB0035F6F1 /* Block.swift in Sources */,
				6BD4741A21FA468400163D0C /* ZoomableImageView.swift in Sources */,
				6B61FC9B235E50C30035F6F1 /* Page.swift in Sources */,
				6B28FBC0220D475500BAC099 /* PeoplePageViewDelegate.swift in Sources */,
				6B31D2CF21F3ED41000CFA44 /* Canvas.swift in Sources */,
				6B61FC9D235E51390035F6F1 /* TextProperty.swift in Sources */,
				6B85AFDD23637A880001FF19 /* SettingDetailVC.swift in Sources */,
				6B2FF99422074D2D0095E4DA /* Log.swift in Sources */,
				6B2574B021F75EB30039FAC9 /* Utils.swift in Sources */,
				6B6BAC102211328900245973 /* WebViewController.swift in Sources */,
				6B61FC95235E4F530035F6F1 /* BoundingPoly.swift in Sources */,
				6B6BAC0B2210D94500245973 /* Colors.swift in Sources */,
				6BD7CA582362705F00418131 /* VideoCell.swift in Sources */,
				6BB235EF21FF5C3100BC35E9 /* PeopleCollectionViewDelegate.swift in Sources */,
				6B20977A21FB76B10066CDD8 /* CollectionViewController.swift in Sources */,
				6B61FC9F235E51A90035F6F1 /* DetectedLanguage.swift in Sources */,
			);
			runOnlyForDeploymentPostprocessing = 0;
		};
/* End PBXSourcesBuildPhase section */

/* Begin PBXVariantGroup section */
		6B31D2BF21F38D58000CFA44 /* LaunchScreen.storyboard */ = {
			isa = PBXVariantGroup;
			children = (
				6B31D2C021F38D58000CFA44 /* Base */,
			);
			name = LaunchScreen.storyboard;
			sourceTree = "<group>";
		};
		6BD7CA6A2363241700418131 /* Localizable.strings */ = {
			isa = PBXVariantGroup;
			children = (
				6BD7CA692363241700418131 /* en */,
				6BD7CA6B2363241D00418131 /* zh-Hans */,
			);
			name = Localizable.strings;
			sourceTree = "<group>";
		};
/* End PBXVariantGroup section */

/* Begin XCBuildConfiguration section */
		6B31D2C321F38D58000CFA44 /* Debug */ = {
			isa = XCBuildConfiguration;
			buildSettings = {
				ALWAYS_SEARCH_USER_PATHS = NO;
				CLANG_ANALYZER_LOCALIZABILITY_NONLOCALIZED = YES;
				CLANG_ANALYZER_NONNULL = YES;
				CLANG_ANALYZER_NUMBER_OBJECT_CONVERSION = YES_AGGRESSIVE;
				CLANG_CXX_LANGUAGE_STANDARD = "gnu++14";
				CLANG_CXX_LIBRARY = "libc++";
				CLANG_ENABLE_MODULES = YES;
				CLANG_ENABLE_OBJC_ARC = YES;
				CLANG_ENABLE_OBJC_WEAK = YES;
				CLANG_WARN_BLOCK_CAPTURE_AUTORELEASING = YES;
				CLANG_WARN_BOOL_CONVERSION = YES;
				CLANG_WARN_COMMA = YES;
				CLANG_WARN_CONSTANT_CONVERSION = YES;
				CLANG_WARN_DEPRECATED_OBJC_IMPLEMENTATIONS = YES;
				CLANG_WARN_DIRECT_OBJC_ISA_USAGE = YES_ERROR;
				CLANG_WARN_DOCUMENTATION_COMMENTS = YES;
				CLANG_WARN_EMPTY_BODY = YES;
				CLANG_WARN_ENUM_CONVERSION = YES;
				CLANG_WARN_INFINITE_RECURSION = YES;
				CLANG_WARN_INT_CONVERSION = YES;
				CLANG_WARN_NON_LITERAL_NULL_CONVERSION = YES;
				CLANG_WARN_OBJC_IMPLICIT_RETAIN_SELF = YES;
				CLANG_WARN_OBJC_LITERAL_CONVERSION = YES;
				CLANG_WARN_OBJC_ROOT_CLASS = YES_ERROR;
				CLANG_WARN_RANGE_LOOP_ANALYSIS = YES;
				CLANG_WARN_STRICT_PROTOTYPES = YES;
				CLANG_WARN_SUSPICIOUS_MOVE = YES;
				CLANG_WARN_UNGUARDED_AVAILABILITY = YES_AGGRESSIVE;
				CLANG_WARN_UNREACHABLE_CODE = YES;
				CLANG_WARN__DUPLICATE_METHOD_MATCH = YES;
				CODE_SIGN_IDENTITY = "iPhone Developer";
				COPY_PHASE_STRIP = NO;
				DEBUG_INFORMATION_FORMAT = dwarf;
				ENABLE_STRICT_OBJC_MSGSEND = YES;
				ENABLE_TESTABILITY = YES;
				GCC_C_LANGUAGE_STANDARD = gnu11;
				GCC_DYNAMIC_NO_PIC = NO;
				GCC_NO_COMMON_BLOCKS = YES;
				GCC_OPTIMIZATION_LEVEL = 0;
				GCC_PREPROCESSOR_DEFINITIONS = (
					"DEBUG=1",
					"$(inherited)",
				);
				GCC_WARN_64_TO_32_BIT_CONVERSION = YES;
				GCC_WARN_ABOUT_RETURN_TYPE = YES_ERROR;
				GCC_WARN_UNDECLARED_SELECTOR = YES;
				GCC_WARN_UNINITIALIZED_AUTOS = YES_AGGRESSIVE;
				GCC_WARN_UNUSED_FUNCTION = YES;
				GCC_WARN_UNUSED_VARIABLE = YES;
				IPHONEOS_DEPLOYMENT_TARGET = 12.1;
				MTL_ENABLE_DEBUG_INFO = INCLUDE_SOURCE;
				MTL_FAST_MATH = YES;
				ONLY_ACTIVE_ARCH = YES;
				SDKROOT = iphoneos;
				SWIFT_ACTIVE_COMPILATION_CONDITIONS = DEBUG;
				SWIFT_OPTIMIZATION_LEVEL = "-Onone";
			};
			name = Debug;
		};
		6B31D2C421F38D58000CFA44 /* Release */ = {
			isa = XCBuildConfiguration;
			buildSettings = {
				ALWAYS_SEARCH_USER_PATHS = NO;
				CLANG_ANALYZER_LOCALIZABILITY_NONLOCALIZED = YES;
				CLANG_ANALYZER_NONNULL = YES;
				CLANG_ANALYZER_NUMBER_OBJECT_CONVERSION = YES_AGGRESSIVE;
				CLANG_CXX_LANGUAGE_STANDARD = "gnu++14";
				CLANG_CXX_LIBRARY = "libc++";
				CLANG_ENABLE_MODULES = YES;
				CLANG_ENABLE_OBJC_ARC = YES;
				CLANG_ENABLE_OBJC_WEAK = YES;
				CLANG_WARN_BLOCK_CAPTURE_AUTORELEASING = YES;
				CLANG_WARN_BOOL_CONVERSION = YES;
				CLANG_WARN_COMMA = YES;
				CLANG_WARN_CONSTANT_CONVERSION = YES;
				CLANG_WARN_DEPRECATED_OBJC_IMPLEMENTATIONS = YES;
				CLANG_WARN_DIRECT_OBJC_ISA_USAGE = YES_ERROR;
				CLANG_WARN_DOCUMENTATION_COMMENTS = YES;
				CLANG_WARN_EMPTY_BODY = YES;
				CLANG_WARN_ENUM_CONVERSION = YES;
				CLANG_WARN_INFINITE_RECURSION = YES;
				CLANG_WARN_INT_CONVERSION = YES;
				CLANG_WARN_NON_LITERAL_NULL_CONVERSION = YES;
				CLANG_WARN_OBJC_IMPLICIT_RETAIN_SELF = YES;
				CLANG_WARN_OBJC_LITERAL_CONVERSION = YES;
				CLANG_WARN_OBJC_ROOT_CLASS = YES_ERROR;
				CLANG_WARN_RANGE_LOOP_ANALYSIS = YES;
				CLANG_WARN_STRICT_PROTOTYPES = YES;
				CLANG_WARN_SUSPICIOUS_MOVE = YES;
				CLANG_WARN_UNGUARDED_AVAILABILITY = YES_AGGRESSIVE;
				CLANG_WARN_UNREACHABLE_CODE = YES;
				CLANG_WARN__DUPLICATE_METHOD_MATCH = YES;
				CODE_SIGN_IDENTITY = "iPhone Developer";
				COPY_PHASE_STRIP = NO;
				DEBUG_INFORMATION_FORMAT = "dwarf-with-dsym";
				ENABLE_NS_ASSERTIONS = NO;
				ENABLE_STRICT_OBJC_MSGSEND = YES;
				GCC_C_LANGUAGE_STANDARD = gnu11;
				GCC_NO_COMMON_BLOCKS = YES;
				GCC_WARN_64_TO_32_BIT_CONVERSION = YES;
				GCC_WARN_ABOUT_RETURN_TYPE = YES_ERROR;
				GCC_WARN_UNDECLARED_SELECTOR = YES;
				GCC_WARN_UNINITIALIZED_AUTOS = YES_AGGRESSIVE;
				GCC_WARN_UNUSED_FUNCTION = YES;
				GCC_WARN_UNUSED_VARIABLE = YES;
				IPHONEOS_DEPLOYMENT_TARGET = 12.1;
				MTL_ENABLE_DEBUG_INFO = NO;
				MTL_FAST_MATH = YES;
				SDKROOT = iphoneos;
				SWIFT_COMPILATION_MODE = wholemodule;
				SWIFT_OPTIMIZATION_LEVEL = "-O";
				VALIDATE_PRODUCT = YES;
			};
			name = Release;
		};
		6B31D2C621F38D58000CFA44 /* Debug */ = {
			isa = XCBuildConfiguration;
			baseConfigurationReference = C33F32DA77DD2A0C43AF7ECA /* Pods-TextSearch.debug.xcconfig */;
			buildSettings = {
				ASSETCATALOG_COMPILER_APPICON_NAME = AppIcon;
				CODE_SIGN_STYLE = Automatic;
				DEVELOPMENT_TEAM = 64ZX9KS46Y;
				INFOPLIST_FILE = "$(SRCROOT)/TextSearch/Info.plist";
				LD_RUNPATH_SEARCH_PATHS = (
					"$(inherited)",
					"@executable_path/Frameworks",
				);
				PRODUCT_BUNDLE_IDENTIFIER = www.gwang.textsearch;
				PRODUCT_NAME = "HawkEye - Image Text Search";
				SWIFT_VERSION = 4.2;
				TARGETED_DEVICE_FAMILY = "1,2";
			};
			name = Debug;
		};
		6B31D2C721F38D58000CFA44 /* Release */ = {
			isa = XCBuildConfiguration;
			baseConfigurationReference = 6507CDD34E474BB43F458AB3 /* Pods-TextSearch.release.xcconfig */;
			buildSettings = {
				ASSETCATALOG_COMPILER_APPICON_NAME = AppIcon;
				CODE_SIGN_STYLE = Automatic;
				DEVELOPMENT_TEAM = 64ZX9KS46Y;
				INFOPLIST_FILE = "$(SRCROOT)/TextSearch/Info.plist";
				LD_RUNPATH_SEARCH_PATHS = (
					"$(inherited)",
					"@executable_path/Frameworks",
				);
				PRODUCT_BUNDLE_IDENTIFIER = www.gwang.textsearch;
				PRODUCT_NAME = "HawkEye - Image Text Search";
				SWIFT_VERSION = 4.2;
				TARGETED_DEVICE_FAMILY = "1,2";
			};
			name = Release;
		};
/* End XCBuildConfiguration section */

/* Begin XCConfigurationList section */
		6B31D2AE21F38D55000CFA44 /* Build configuration list for PBXProject "TextSearch" */ = {
			isa = XCConfigurationList;
			buildConfigurations = (
				6B31D2C321F38D58000CFA44 /* Debug */,
				6B31D2C421F38D58000CFA44 /* Release */,
			);
			defaultConfigurationIsVisible = 0;
			defaultConfigurationName = Release;
		};
		6B31D2C521F38D58000CFA44 /* Build configuration list for PBXNativeTarget "TextSearch" */ = {
			isa = XCConfigurationList;
			buildConfigurations = (
				6B31D2C621F38D58000CFA44 /* Debug */,
				6B31D2C721F38D58000CFA44 /* Release */,
			);
			defaultConfigurationIsVisible = 0;
			defaultConfigurationName = Release;
		};
/* End XCConfigurationList section */
	};
	rootObject = 6B31D2AB21F38D55000CFA44 /* Project object */;
}
