// !$*UTF8*$!
{
	archiveVersion = 1;
	classes = {
	};
	objectVersion = 50;
	objects = {

/* Begin PBXBuildFile section */
		58DBD3B7B638811B9BF86FBC /* Pods_CelebScope.framework in Frameworks */ = {isa = PBXBuildFile; fileRef = 1F3A852C3FDFCA8C4D3F4596 /* Pods_CelebScope.framework */; };
		6B31D2B721F38D55000CFA44 /* AppDelegate.swift in Sources */ = {isa = PBXBuildFile; fileRef = 6B31D2B621F38D55000CFA44 /* AppDelegate.swift */; };
		6B31D2B921F38D55000CFA44 /* ViewController.swift in Sources */ = {isa = PBXBuildFile; fileRef = 6B31D2B821F38D55000CFA44 /* ViewController.swift */; };
		6B31D2BE21F38D58000CFA44 /* Assets.xcassets in Resources */ = {isa = PBXBuildFile; fileRef = 6B31D2BD21F38D58000CFA44 /* Assets.xcassets */; };
		6B31D2C121F38D58000CFA44 /* LaunchScreen.storyboard in Resources */ = {isa = PBXBuildFile; fileRef = 6B31D2BF21F38D58000CFA44 /* LaunchScreen.storyboard */; };
		6B31D2CD21F3E2FA000CFA44 /* PersonCollectionViewCell.swift in Sources */ = {isa = PBXBuildFile; fileRef = 6B31D2CC21F3E2FA000CFA44 /* PersonCollectionViewCell.swift */; };
		6B31D2CF21F3ED41000CFA44 /* Canvas.swift in Sources */ = {isa = PBXBuildFile; fileRef = 6B31D2CE21F3ED41000CFA44 /* Canvas.swift */; };
		6B354CD421F617DE00C6176C /* UIImageViewPointConversion.swift in Sources */ = {isa = PBXBuildFile; fileRef = 6B354CD321F617DE00C6176C /* UIImageViewPointConversion.swift */; };
		6B354CD621F61ABA00C6176C /* Kayla_Person-small.jpg in Resources */ = {isa = PBXBuildFile; fileRef = 6B354CD521F61ABA00C6176C /* Kayla_Person-small.jpg */; };
/* End PBXBuildFile section */

/* Begin PBXFileReference section */
		1F3A852C3FDFCA8C4D3F4596 /* Pods_CelebScope.framework */ = {isa = PBXFileReference; explicitFileType = wrapper.framework; includeInIndex = 0; path = Pods_CelebScope.framework; sourceTree = BUILT_PRODUCTS_DIR; };
		67DD99CA98060D4C52BE8DDC /* Pods-CelebScope.debug.xcconfig */ = {isa = PBXFileReference; includeInIndex = 1; lastKnownFileType = text.xcconfig; name = "Pods-CelebScope.debug.xcconfig"; path = "Pods/Target Support Files/Pods-CelebScope/Pods-CelebScope.debug.xcconfig"; sourceTree = "<group>"; };
		6B31D2B321F38D55000CFA44 /* CelebScope.app */ = {isa = PBXFileReference; explicitFileType = wrapper.application; includeInIndex = 0; path = CelebScope.app; sourceTree = BUILT_PRODUCTS_DIR; };
		6B31D2B621F38D55000CFA44 /* AppDelegate.swift */ = {isa = PBXFileReference; lastKnownFileType = sourcecode.swift; path = AppDelegate.swift; sourceTree = "<group>"; };
		6B31D2B821F38D55000CFA44 /* ViewController.swift */ = {isa = PBXFileReference; lastKnownFileType = sourcecode.swift; path = ViewController.swift; sourceTree = "<group>"; };
		6B31D2BD21F38D58000CFA44 /* Assets.xcassets */ = {isa = PBXFileReference; lastKnownFileType = folder.assetcatalog; path = Assets.xcassets; sourceTree = "<group>"; };
		6B31D2C021F38D58000CFA44 /* Base */ = {isa = PBXFileReference; lastKnownFileType = file.storyboard; name = Base; path = Base.lproj/LaunchScreen.storyboard; sourceTree = "<group>"; };
		6B31D2C221F38D58000CFA44 /* Info.plist */ = {isa = PBXFileReference; lastKnownFileType = text.plist.xml; path = Info.plist; sourceTree = "<group>"; };
		6B31D2CC21F3E2FA000CFA44 /* PersonCollectionViewCell.swift */ = {isa = PBXFileReference; fileEncoding = 4; lastKnownFileType = sourcecode.swift; path = PersonCollectionViewCell.swift; sourceTree = "<group>"; };
		6B31D2CE21F3ED41000CFA44 /* Canvas.swift */ = {isa = PBXFileReference; lastKnownFileType = sourcecode.swift; path = Canvas.swift; sourceTree = "<group>"; };
		6B354CD321F617DE00C6176C /* UIImageViewPointConversion.swift */ = {isa = PBXFileReference; lastKnownFileType = sourcecode.swift; path = UIImageViewPointConversion.swift; sourceTree = "<group>"; };
		6B354CD521F61ABA00C6176C /* Kayla_Person-small.jpg */ = {isa = PBXFileReference; lastKnownFileType = image.jpeg; path = "Kayla_Person-small.jpg"; sourceTree = "<group>"; };
		7FAD4386502BE94F314821F2 /* Pods-CelebScope.release.xcconfig */ = {isa = PBXFileReference; includeInIndex = 1; lastKnownFileType = text.xcconfig; name = "Pods-CelebScope.release.xcconfig"; path = "Pods/Target Support Files/Pods-CelebScope/Pods-CelebScope.release.xcconfig"; sourceTree = "<group>"; };
/* End PBXFileReference section */

/* Begin PBXFrameworksBuildPhase section */
		6B31D2B021F38D55000CFA44 /* Frameworks */ = {
			isa = PBXFrameworksBuildPhase;
			buildActionMask = 2147483647;
			files = (
				58DBD3B7B638811B9BF86FBC /* Pods_CelebScope.framework in Frameworks */,
			);
			runOnlyForDeploymentPostprocessing = 0;
		};
/* End PBXFrameworksBuildPhase section */

/* Begin PBXGroup section */
		0BDA207D80BA0CF913CA6DD1 /* Pods */ = {
			isa = PBXGroup;
			children = (
				67DD99CA98060D4C52BE8DDC /* Pods-CelebScope.debug.xcconfig */,
				7FAD4386502BE94F314821F2 /* Pods-CelebScope.release.xcconfig */,
			);
			name = Pods;
			sourceTree = "<group>";
		};
		38412B87F39AA4F34ACA931F /* Frameworks */ = {
			isa = PBXGroup;
			children = (
				1F3A852C3FDFCA8C4D3F4596 /* Pods_CelebScope.framework */,
			);
			name = Frameworks;
			sourceTree = "<group>";
		};
		6B31D2AA21F38D55000CFA44 = {
			isa = PBXGroup;
			children = (
				6B31D2B521F38D55000CFA44 /* CelebScope */,
				6B31D2B421F38D55000CFA44 /* Products */,
				0BDA207D80BA0CF913CA6DD1 /* Pods */,
				38412B87F39AA4F34ACA931F /* Frameworks */,
			);
			sourceTree = "<group>";
		};
		6B31D2B421F38D55000CFA44 /* Products */ = {
			isa = PBXGroup;
			children = (
				6B31D2B321F38D55000CFA44 /* CelebScope.app */,
			);
			name = Products;
			sourceTree = "<group>";
		};
		6B31D2B521F38D55000CFA44 /* CelebScope */ = {
			isa = PBXGroup;
			children = (
				6B31D2B621F38D55000CFA44 /* AppDelegate.swift */,
				6B31D2B821F38D55000CFA44 /* ViewController.swift */,
				6B31D2CC21F3E2FA000CFA44 /* PersonCollectionViewCell.swift */,
				6B31D2BD21F38D58000CFA44 /* Assets.xcassets */,
				6B354CD521F61ABA00C6176C /* Kayla_Person-small.jpg */,
				6B31D2BF21F38D58000CFA44 /* LaunchScreen.storyboard */,
				6B31D2C221F38D58000CFA44 /* Info.plist */,
				6B31D2CE21F3ED41000CFA44 /* Canvas.swift */,
				6B354CD321F617DE00C6176C /* UIImageViewPointConversion.swift */,
			);
			path = CelebScope;
			sourceTree = "<group>";
		};
/* End PBXGroup section */

/* Begin PBXNativeTarget section */
		6B31D2B221F38D55000CFA44 /* CelebScope */ = {
			isa = PBXNativeTarget;
			buildConfigurationList = 6B31D2C521F38D58000CFA44 /* Build configuration list for PBXNativeTarget "CelebScope" */;
			buildPhases = (
				24F9A9EB88289B02EBA0BFC0 /* [CP] Check Pods Manifest.lock */,
				6B31D2AF21F38D55000CFA44 /* Sources */,
				6B31D2B021F38D55000CFA44 /* Frameworks */,
				6B31D2B121F38D55000CFA44 /* Resources */,
				374738C0BA2405C62F179D67 /* [CP] Embed Pods Frameworks */,
			);
			buildRules = (
			);
			dependencies = (
			);
			name = CelebScope;
			productName = CelebScope;
			productReference = 6B31D2B321F38D55000CFA44 /* CelebScope.app */;
			productType = "com.apple.product-type.application";
		};
/* End PBXNativeTarget section */

/* Begin PBXProject section */
		6B31D2AB21F38D55000CFA44 /* Project object */ = {
			isa = PBXProject;
			attributes = {
				LastSwiftUpdateCheck = 1010;
				LastUpgradeCheck = 1010;
				ORGANIZATIONNAME = "Gaopeng Wang";
				TargetAttributes = {
					6B31D2B221F38D55000CFA44 = {
						CreatedOnToolsVersion = 10.1;
					};
				};
			};
			buildConfigurationList = 6B31D2AE21F38D55000CFA44 /* Build configuration list for PBXProject "CelebScope" */;
			compatibilityVersion = "Xcode 9.3";
			developmentRegion = en;
			hasScannedForEncodings = 0;
			knownRegions = (
				en,
				Base,
			);
			mainGroup = 6B31D2AA21F38D55000CFA44;
			productRefGroup = 6B31D2B421F38D55000CFA44 /* Products */;
			projectDirPath = "";
			projectRoot = "";
			targets = (
				6B31D2B221F38D55000CFA44 /* CelebScope */,
			);
		};
/* End PBXProject section */

/* Begin PBXResourcesBuildPhase section */
		6B31D2B121F38D55000CFA44 /* Resources */ = {
			isa = PBXResourcesBuildPhase;
			buildActionMask = 2147483647;
			files = (
				6B31D2C121F38D58000CFA44 /* LaunchScreen.storyboard in Resources */,
				6B354CD621F61ABA00C6176C /* Kayla_Person-small.jpg in Resources */,
				6B31D2BE21F38D58000CFA44 /* Assets.xcassets in Resources */,
			);
			runOnlyForDeploymentPostprocessing = 0;
		};
/* End PBXResourcesBuildPhase section */

/* Begin PBXShellScriptBuildPhase section */
		24F9A9EB88289B02EBA0BFC0 /* [CP] Check Pods Manifest.lock */ = {
			isa = PBXShellScriptBuildPhase;
			buildActionMask = 2147483647;
			files = (
			);
			inputFileListPaths = (
			);
			inputPaths = (
				"${PODS_PODFILE_DIR_PATH}/Podfile.lock",
				"${PODS_ROOT}/Manifest.lock",
			);
			name = "[CP] Check Pods Manifest.lock";
			outputFileListPaths = (
			);
			outputPaths = (
				"$(DERIVED_FILE_DIR)/Pods-CelebScope-checkManifestLockResult.txt",
			);
			runOnlyForDeploymentPostprocessing = 0;
			shellPath = /bin/sh;
			shellScript = "diff \"${PODS_PODFILE_DIR_PATH}/Podfile.lock\" \"${PODS_ROOT}/Manifest.lock\" > /dev/null\nif [ $? != 0 ] ; then\n    # print error to STDERR\n    echo \"error: The sandbox is not in sync with the Podfile.lock. Run 'pod install' or update your CocoaPods installation.\" >&2\n    exit 1\nfi\n# This output is used by Xcode 'outputs' to avoid re-running this script phase.\necho \"SUCCESS\" > \"${SCRIPT_OUTPUT_FILE_0}\"\n";
			showEnvVarsInLog = 0;
		};
		374738C0BA2405C62F179D67 /* [CP] Embed Pods Frameworks */ = {
			isa = PBXShellScriptBuildPhase;
			buildActionMask = 2147483647;
			files = (
			);
			inputFileListPaths = (
			);
			inputPaths = (
				"${SRCROOT}/Pods/Target Support Files/Pods-CelebScope/Pods-CelebScope-frameworks.sh",
				"${BUILT_PRODUCTS_DIR}/FaceCropper/FaceCropper.framework",
			);
			name = "[CP] Embed Pods Frameworks";
			outputFileListPaths = (
			);
			outputPaths = (
				"${TARGET_BUILD_DIR}/${FRAMEWORKS_FOLDER_PATH}/FaceCropper.framework",
			);
			runOnlyForDeploymentPostprocessing = 0;
			shellPath = /bin/sh;
			shellScript = "\"${SRCROOT}/Pods/Target Support Files/Pods-CelebScope/Pods-CelebScope-frameworks.sh\"\n";
			showEnvVarsInLog = 0;
		};
/* End PBXShellScriptBuildPhase section */

/* Begin PBXSourcesBuildPhase section */
		6B31D2AF21F38D55000CFA44 /* Sources */ = {
			isa = PBXSourcesBuildPhase;
			buildActionMask = 2147483647;
			files = (
				6B31D2B921F38D55000CFA44 /* ViewController.swift in Sources */,
				6B31D2CD21F3E2FA000CFA44 /* PersonCollectionViewCell.swift in Sources */,
				6B354CD421F617DE00C6176C /* UIImageViewPointConversion.swift in Sources */,
				6B31D2B721F38D55000CFA44 /* AppDelegate.swift in Sources */,
				6B31D2CF21F3ED41000CFA44 /* Canvas.swift in Sources */,
			);
			runOnlyForDeploymentPostprocessing = 0;
		};
/* End PBXSourcesBuildPhase section */

/* Begin PBXVariantGroup section */
		6B31D2BF21F38D58000CFA44 /* LaunchScreen.storyboard */ = {
			isa = PBXVariantGroup;
			children = (
				6B31D2C021F38D58000CFA44 /* Base */,
			);
			name = LaunchScreen.storyboard;
			sourceTree = "<group>";
		};
/* End PBXVariantGroup section */

/* Begin XCBuildConfiguration section */
		6B31D2C321F38D58000CFA44 /* Debug */ = {
			isa = XCBuildConfiguration;
			buildSettings = {
				ALWAYS_SEARCH_USER_PATHS = NO;
				CLANG_ANALYZER_NONNULL = YES;
				CLANG_ANALYZER_NUMBER_OBJECT_CONVERSION = YES_AGGRESSIVE;
				CLANG_CXX_LANGUAGE_STANDARD = "gnu++14";
				CLANG_CXX_LIBRARY = "libc++";
				CLANG_ENABLE_MODULES = YES;
				CLANG_ENABLE_OBJC_ARC = YES;
				CLANG_ENABLE_OBJC_WEAK = YES;
				CLANG_WARN_BLOCK_CAPTURE_AUTORELEASING = YES;
				CLANG_WARN_BOOL_CONVERSION = YES;
				CLANG_WARN_COMMA = YES;
				CLANG_WARN_CONSTANT_CONVERSION = YES;
				CLANG_WARN_DEPRECATED_OBJC_IMPLEMENTATIONS = YES;
				CLANG_WARN_DIRECT_OBJC_ISA_USAGE = YES_ERROR;
				CLANG_WARN_DOCUMENTATION_COMMENTS = YES;
				CLANG_WARN_EMPTY_BODY = YES;
				CLANG_WARN_ENUM_CONVERSION = YES;
				CLANG_WARN_INFINITE_RECURSION = YES;
				CLANG_WARN_INT_CONVERSION = YES;
				CLANG_WARN_NON_LITERAL_NULL_CONVERSION = YES;
				CLANG_WARN_OBJC_IMPLICIT_RETAIN_SELF = YES;
				CLANG_WARN_OBJC_LITERAL_CONVERSION = YES;
				CLANG_WARN_OBJC_ROOT_CLASS = YES_ERROR;
				CLANG_WARN_RANGE_LOOP_ANALYSIS = YES;
				CLANG_WARN_STRICT_PROTOTYPES = YES;
				CLANG_WARN_SUSPICIOUS_MOVE = YES;
				CLANG_WARN_UNGUARDED_AVAILABILITY = YES_AGGRESSIVE;
				CLANG_WARN_UNREACHABLE_CODE = YES;
				CLANG_WARN__DUPLICATE_METHOD_MATCH = YES;
				CODE_SIGN_IDENTITY = "iPhone Developer";
				COPY_PHASE_STRIP = NO;
				DEBUG_INFORMATION_FORMAT = dwarf;
				ENABLE_STRICT_OBJC_MSGSEND = YES;
				ENABLE_TESTABILITY = YES;
				GCC_C_LANGUAGE_STANDARD = gnu11;
				GCC_DYNAMIC_NO_PIC = NO;
				GCC_NO_COMMON_BLOCKS = YES;
				GCC_OPTIMIZATION_LEVEL = 0;
				GCC_PREPROCESSOR_DEFINITIONS = (
					"DEBUG=1",
					"$(inherited)",
				);
				GCC_WARN_64_TO_32_BIT_CONVERSION = YES;
				GCC_WARN_ABOUT_RETURN_TYPE = YES_ERROR;
				GCC_WARN_UNDECLARED_SELECTOR = YES;
				GCC_WARN_UNINITIALIZED_AUTOS = YES_AGGRESSIVE;
				GCC_WARN_UNUSED_FUNCTION = YES;
				GCC_WARN_UNUSED_VARIABLE = YES;
				IPHONEOS_DEPLOYMENT_TARGET = 12.1;
				MTL_ENABLE_DEBUG_INFO = INCLUDE_SOURCE;
				MTL_FAST_MATH = YES;
				ONLY_ACTIVE_ARCH = YES;
				SDKROOT = iphoneos;
				SWIFT_ACTIVE_COMPILATION_CONDITIONS = DEBUG;
				SWIFT_OPTIMIZATION_LEVEL = "-Onone";
			};
			name = Debug;
		};
		6B31D2C421F38D58000CFA44 /* Release */ = {
			isa = XCBuildConfiguration;
			buildSettings = {
				ALWAYS_SEARCH_USER_PATHS = NO;
				CLANG_ANALYZER_NONNULL = YES;
				CLANG_ANALYZER_NUMBER_OBJECT_CONVERSION = YES_AGGRESSIVE;
				CLANG_CXX_LANGUAGE_STANDARD = "gnu++14";
				CLANG_CXX_LIBRARY = "libc++";
				CLANG_ENABLE_MODULES = YES;
				CLANG_ENABLE_OBJC_ARC = YES;
				CLANG_ENABLE_OBJC_WEAK = YES;
				CLANG_WARN_BLOCK_CAPTURE_AUTORELEASING = YES;
				CLANG_WARN_BOOL_CONVERSION = YES;
				CLANG_WARN_COMMA = YES;
				CLANG_WARN_CONSTANT_CONVERSION = YES;
				CLANG_WARN_DEPRECATED_OBJC_IMPLEMENTATIONS = YES;
				CLANG_WARN_DIRECT_OBJC_ISA_USAGE = YES_ERROR;
				CLANG_WARN_DOCUMENTATION_COMMENTS = YES;
				CLANG_WARN_EMPTY_BODY = YES;
				CLANG_WARN_ENUM_CONVERSION = YES;
				CLANG_WARN_INFINITE_RECURSION = YES;
				CLANG_WARN_INT_CONVERSION = YES;
				CLANG_WARN_NON_LITERAL_NULL_CONVERSION = YES;
				CLANG_WARN_OBJC_IMPLICIT_RETAIN_SELF = YES;
				CLANG_WARN_OBJC_LITERAL_CONVERSION = YES;
				CLANG_WARN_OBJC_ROOT_CLASS = YES_ERROR;
				CLANG_WARN_RANGE_LOOP_ANALYSIS = YES;
				CLANG_WARN_STRICT_PROTOTYPES = YES;
				CLANG_WARN_SUSPICIOUS_MOVE = YES;
				CLANG_WARN_UNGUARDED_AVAILABILITY = YES_AGGRESSIVE;
				CLANG_WARN_UNREACHABLE_CODE = YES;
				CLANG_WARN__DUPLICATE_METHOD_MATCH = YES;
				CODE_SIGN_IDENTITY = "iPhone Developer";
				COPY_PHASE_STRIP = NO;
				DEBUG_INFORMATION_FORMAT = "dwarf-with-dsym";
				ENABLE_NS_ASSERTIONS = NO;
				ENABLE_STRICT_OBJC_MSGSEND = YES;
				GCC_C_LANGUAGE_STANDARD = gnu11;
				GCC_NO_COMMON_BLOCKS = YES;
				GCC_WARN_64_TO_32_BIT_CONVERSION = YES;
				GCC_WARN_ABOUT_RETURN_TYPE = YES_ERROR;
				GCC_WARN_UNDECLARED_SELECTOR = YES;
				GCC_WARN_UNINITIALIZED_AUTOS = YES_AGGRESSIVE;
				GCC_WARN_UNUSED_FUNCTION = YES;
				GCC_WARN_UNUSED_VARIABLE = YES;
				IPHONEOS_DEPLOYMENT_TARGET = 12.1;
				MTL_ENABLE_DEBUG_INFO = NO;
				MTL_FAST_MATH = YES;
				SDKROOT = iphoneos;
				SWIFT_COMPILATION_MODE = wholemodule;
				SWIFT_OPTIMIZATION_LEVEL = "-O";
				VALIDATE_PRODUCT = YES;
			};
			name = Release;
		};
		6B31D2C621F38D58000CFA44 /* Debug */ = {
			isa = XCBuildConfiguration;
			baseConfigurationReference = 67DD99CA98060D4C52BE8DDC /* Pods-CelebScope.debug.xcconfig */;
			buildSettings = {
				ASSETCATALOG_COMPILER_APPICON_NAME = AppIcon;
				CODE_SIGN_STYLE = Automatic;
				DEVELOPMENT_TEAM = XLWP3D7JS7;
				INFOPLIST_FILE = CelebScope/Info.plist;
				LD_RUNPATH_SEARCH_PATHS = (
					"$(inherited)",
					"@executable_path/Frameworks",
				);
				PRODUCT_BUNDLE_IDENTIFIER = com.yhwang.CelebScope;
				PRODUCT_NAME = "$(TARGET_NAME)";
				SWIFT_VERSION = 4.2;
				TARGETED_DEVICE_FAMILY = "1,2";
			};
			name = Debug;
		};
		6B31D2C721F38D58000CFA44 /* Release */ = {
			isa = XCBuildConfiguration;
			baseConfigurationReference = 7FAD4386502BE94F314821F2 /* Pods-CelebScope.release.xcconfig */;
			buildSettings = {
				ASSETCATALOG_COMPILER_APPICON_NAME = AppIcon;
				CODE_SIGN_STYLE = Automatic;
				DEVELOPMENT_TEAM = XLWP3D7JS7;
				INFOPLIST_FILE = CelebScope/Info.plist;
				LD_RUNPATH_SEARCH_PATHS = (
					"$(inherited)",
					"@executable_path/Frameworks",
				);
				PRODUCT_BUNDLE_IDENTIFIER = com.yhwang.CelebScope;
				PRODUCT_NAME = "$(TARGET_NAME)";
				SWIFT_VERSION = 4.2;
				TARGETED_DEVICE_FAMILY = "1,2";
			};
			name = Release;
		};
/* End XCBuildConfiguration section */

/* Begin XCConfigurationList section */
		6B31D2AE21F38D55000CFA44 /* Build configuration list for PBXProject "CelebScope" */ = {
			isa = XCConfigurationList;
			buildConfigurations = (
				6B31D2C321F38D58000CFA44 /* Debug */,
				6B31D2C421F38D58000CFA44 /* Release */,
			);
			defaultConfigurationIsVisible = 0;
			defaultConfigurationName = Release;
		};
		6B31D2C521F38D58000CFA44 /* Build configuration list for PBXNativeTarget "CelebScope" */ = {
			isa = XCConfigurationList;
			buildConfigurations = (
				6B31D2C621F38D58000CFA44 /* Debug */,
				6B31D2C721F38D58000CFA44 /* Release */,
			);
			defaultConfigurationIsVisible = 0;
			defaultConfigurationName = Release;
		};
/* End XCConfigurationList section */
	};
	rootObject = 6B31D2AB21F38D55000CFA44 /* Project object */;
}
